
Microsoft Visual Studio Solution File, Format Version 12.00
# Visual Studio Version 17
VisualStudioVersion = 17.8.34601.278
MinimumVisualStudioVersion = 10.0.40219.1
Project("{FAE04EC0-301F-11D3-BF4B-00C04F79EFBC}") = "praktiskais14", "praktiskais14\praktiskais14.csproj", "{AD84E63D-7819-450F-926E-9448117FB794}"
EndProject
Global
	GlobalSection(SolutionConfigurationPlatforms) = preSolution
		Debug|Any CPU = Debug|Any CPU
		Release|Any CPU = Release|Any CPU
	EndGlobalSection
	GlobalSection(ProjectConfigurationPlatforms) = postSolution
		{AD84E63D-7819-450F-926E-9448117FB794}.Debug|Any CPU.ActiveCfg = Debug|Any CPU
		{AD84E63D-7819-450F-926E-9448117FB794}.Debug|Any CPU.Build.0 = Debug|Any CPU
		{AD84E63D-7819-450F-926E-9448117FB794}.Release|Any CPU.ActiveCfg = Release|Any CPU
		{AD84E63D-7819-450F-926E-9448117FB794}.Release|Any CPU.Build.0 = Release|Any CPU
	EndGlobalSection
	GlobalSection(SolutionProperties) = preSolution
		HideSolutionNode = FALSE
	EndGlobalSection
	GlobalSection(ExtensibilityGlobals) = postSolution
		SolutionGuid = {2DB13A85-DAC3-4F4C-9B07-D0D63B6AB619}
	EndGlobalSection
EndGlobal
